
Microsoft Visual Studio Solution File, Format Version 12.00
# Visual Studio Version 16
VisualStudioVersion = 25.0.1706.5
MinimumVisualStudioVersion = 10.0.40219.1
Project("{FAE04EC0-301F-11D3-BF4B-00C04F79EFBC}") = "IoTConfigurator.Android", "IoTConfigurator\IoTConfigurator.Android\IoTConfigurator.Android.csproj", "{B4A404A4-A616-40C5-A642-DCEADF6F3C4B}"
EndProject
Project("{FAE04EC0-301F-11D3-BF4B-00C04F79EFBC}") = "IoTConfigurator", "IoTConfigurator\IoTConfigurator\IoTConfigurator.csproj", "{AD38014E-7739-426A-BDBB-A8163D57F8F0}"
EndProject
Global
	GlobalSection(SolutionConfigurationPlatforms) = preSolution
		Debug|Any CPU = Debug|Any CPU
		Release|Any CPU = Release|Any CPU
	EndGlobalSection
	GlobalSection(ProjectConfigurationPlatforms) = postSolution
		{B4A404A4-A616-40C5-A642-DCEADF6F3C4B}.Debug|Any CPU.ActiveCfg = Debug|Any CPU
		{B4A404A4-A616-40C5-A642-DCEADF6F3C4B}.Debug|Any CPU.Build.0 = Debug|Any CPU
		{B4A404A4-A616-40C5-A642-DCEADF6F3C4B}.Release|Any CPU.ActiveCfg = Release|Any CPU
		{B4A404A4-A616-40C5-A642-DCEADF6F3C4B}.Release|Any CPU.Build.0 = Release|Any CPU
		{AD38014E-7739-426A-BDBB-A8163D57F8F0}.Debug|Any CPU.ActiveCfg = Debug|Any CPU
		{AD38014E-7739-426A-BDBB-A8163D57F8F0}.Debug|Any CPU.Build.0 = Debug|Any CPU
		{AD38014E-7739-426A-BDBB-A8163D57F8F0}.Release|Any CPU.ActiveCfg = Release|Any CPU
		{AD38014E-7739-426A-BDBB-A8163D57F8F0}.Release|Any CPU.Build.0 = Release|Any CPU
	EndGlobalSection
	GlobalSection(SolutionProperties) = preSolution
		HideSolutionNode = FALSE
	EndGlobalSection
	GlobalSection(ExtensibilityGlobals) = postSolution
		SolutionGuid = {4D1F5C4B-77C9-4462-86D4-91BD1EE4997F}
	EndGlobalSection
EndGlobal
